
Microsoft Visual Studio Solution File, Format Version 10.00
# Visual Studio 2008
Project("{8BC9CEB8-8B4A-11D0-8D11-00A0C91BC942}") = "test_2_13", "test_2_13\test_2_13.vcproj", "{95341DB9-A0FD-4493-B459-2016EB554CA5}"
EndProject
Global
	GlobalSection(SolutionConfigurationPlatforms) = preSolution
		Debug|Win32 = Debug|Win32
		Release|Win32 = Release|Win32
	EndGlobalSection
	GlobalSection(ProjectConfigurationPlatforms) = postSolution
		{95341DB9-A0FD-4493-B459-2016EB554CA5}.Debug|Win32.ActiveCfg = Debug|Win32
		{95341DB9-A0FD-4493-B459-2016EB554CA5}.Debug|Win32.Build.0 = Debug|Win32
		{95341DB9-A0FD-4493-B459-2016EB554CA5}.Release|Win32.ActiveCfg = Release|Win32
		{95341DB9-A0FD-4493-B459-2016EB554CA5}.Release|Win32.Build.0 = Release|Win32
	EndGlobalSection
	GlobalSection(SolutionProperties) = preSolution
		HideSolutionNode = FALSE
	EndGlobalSection
EndGlobal
