
Microsoft Visual Studio Solution File, Format Version 10.00
# Visual Studio 2008
Project("{8BC9CEB8-8B4A-11D0-8D11-00A0C91BC942}") = "comentconvert.c", "comentconvert.c\comentconvert.c.vcproj", "{4372654C-F90F-45AC-9976-65399BFEB689}"
EndProject
Global
	GlobalSection(SolutionConfigurationPlatforms) = preSolution
		Debug|Win32 = Debug|Win32
		Release|Win32 = Release|Win32
	EndGlobalSection
	GlobalSection(ProjectConfigurationPlatforms) = postSolution
		{4372654C-F90F-45AC-9976-65399BFEB689}.Debug|Win32.ActiveCfg = Debug|Win32
		{4372654C-F90F-45AC-9976-65399BFEB689}.Debug|Win32.Build.0 = Debug|Win32
		{4372654C-F90F-45AC-9976-65399BFEB689}.Release|Win32.ActiveCfg = Release|Win32
		{4372654C-F90F-45AC-9976-65399BFEB689}.Release|Win32.Build.0 = Release|Win32
	EndGlobalSection
	GlobalSection(SolutionProperties) = preSolution
		HideSolutionNode = FALSE
	EndGlobalSection
EndGlobal
