
Microsoft Visual Studio Solution File, Format Version 10.00
# Visual Studio 2008
Project("{8BC9CEB8-8B4A-11D0-8D11-00A0C91BC942}") = "test_1_13", "test_1_13\test_1_13.vcproj", "{7C69EA3E-3079-4B25-9636-FE312144973D}"
EndProject
Global
	GlobalSection(SolutionConfigurationPlatforms) = preSolution
		Debug|Win32 = Debug|Win32
		Release|Win32 = Release|Win32
	EndGlobalSection
	GlobalSection(ProjectConfigurationPlatforms) = postSolution
		{7C69EA3E-3079-4B25-9636-FE312144973D}.Debug|Win32.ActiveCfg = Debug|Win32
		{7C69EA3E-3079-4B25-9636-FE312144973D}.Debug|Win32.Build.0 = Debug|Win32
		{7C69EA3E-3079-4B25-9636-FE312144973D}.Release|Win32.ActiveCfg = Release|Win32
		{7C69EA3E-3079-4B25-9636-FE312144973D}.Release|Win32.Build.0 = Release|Win32
	EndGlobalSection
	GlobalSection(SolutionProperties) = preSolution
		HideSolutionNode = FALSE
	EndGlobalSection
EndGlobal
